
Microsoft Visual Studio Solution File, Format Version 12.00
# Visual Studio Version 17
VisualStudioVersion = 17.5.33516.290
MinimumVisualStudioVersion = 10.0.40219.1
Project("{FAE04EC0-301F-11D3-BF4B-00C04F79EFBC}") = "EventsAndDelegate", "EventsAndDelegate\EventsAndDelegate.csproj", "{307C38F9-32BF-423D-85E3-0174A8F58FB1}"
EndProject
Global
	GlobalSection(SolutionConfigurationPlatforms) = preSolution
		Debug|Any CPU = Debug|Any CPU
		Release|Any CPU = Release|Any CPU
	EndGlobalSection
	GlobalSection(ProjectConfigurationPlatforms) = postSolution
		{307C38F9-32BF-423D-85E3-0174A8F58FB1}.Debug|Any CPU.ActiveCfg = Debug|Any CPU
		{307C38F9-32BF-423D-85E3-0174A8F58FB1}.Debug|Any CPU.Build.0 = Debug|Any CPU
		{307C38F9-32BF-423D-85E3-0174A8F58FB1}.Release|Any CPU.ActiveCfg = Release|Any CPU
		{307C38F9-32BF-423D-85E3-0174A8F58FB1}.Release|Any CPU.Build.0 = Release|Any CPU
	EndGlobalSection
	GlobalSection(SolutionProperties) = preSolution
		HideSolutionNode = FALSE
	EndGlobalSection
	GlobalSection(ExtensibilityGlobals) = postSolution
		SolutionGuid = {AC5F1756-161E-4099-A571-45738847EB59}
	EndGlobalSection
EndGlobal
